dependencies:
  espressif/cmake_utilities:
    component_hash: 05165f30922b422b4b90c08845e6d449329b97370fbd06309803d8cb539d79e3
    dependencies:
    - name: idf
      require: private
      version: '>=4.1'
    source:
      registry_url: https://components.espressif.com
      type: service
    version: 1.1.1
  espressif/i2c_bus:
    component_hash: 804ec068d163570fd367b279a310ca383484630d2310c586b50def0bcf21de13
    dependencies:
    - name: espressif/cmake_utilities
      registry_url: https://components.espressif.com
      require: private
      version: '*'
    - name: idf
      require: private
      version: '>=4.0'
    source:
      registry_url: https://components.espressif.com/
      type: service
    version: 1.5.1
  espressif/mdns:
    component_hash: e81ca7a7f53ea34e78274df054da692c272e1315572876b237b1748e267c013b
    dependencies:
    - name: idf
      require: private
      version: '>=5.0'
    source:
      registry_url: https://components.espressif.com/
      type: service
    version: 1.11.3
  idf:
    source:
      type: idf
    version: 5.4.2
  lvgl/lvgl:
    component_hash: d7c1ac037ae6e85d94897f807d6e7ba0946a83e720074fc95a4f6241da9f9f53
    dependencies: []
    source:
      registry_url: https://components.espressif.com/
      type: service
    version: 8.4.0
  m5stack/m5gfx:
    component_hash: 4c420c89ae7bfe33231dab80b784f4508591279b2a3a935ac849dddb1942d0d5
    dependencies: []
    source:
      registry_url: https://components.espressif.com/
      type: service
    version: 0.2.17
  m5stack/m5unified:
    component_hash: 1c75bb80654da6c7fcdd11ef7a1cb9b7d6db2e98f96612a4babf12b5e9bc7196
    dependencies:
    - name: m5stack/m5gfx
      registry_url: https://components.espressif.com
      require: private
      version: ^0.2.17
    source:
      registry_url: https://components.espressif.com/
      type: service
    version: 0.2.11
direct_dependencies:
- espressif/i2c_bus
- espressif/mdns
- idf
- lvgl/lvgl
- m5stack/m5gfx
- m5stack/m5unified
manifest_hash: 1d94bd17aeaecdc6288bea8e8d2dec7e6986c4b57a2b6a67ba7d745722e8f701
target: esp32
version: 2.0.0
